// !$*UTF8*$!
{
	archiveVersion = 1;
	classes = {
	};
	objectVersion = 56;
	objects = {

/* Begin PBXBuildFile section */
		040C93E32CE5C35D00214863 /* VAFUserFdaata.plist in Resources */ = {isa = PBXBuildFile; fileRef = 040C93E22CE5C35D00214863 /* VAFUserFdaata.plist */; };
		040C93E52CE5CF5900214863 /* VAFTrendyLoadding.swift in Sources */ = {isa = PBXBuildFile; fileRef = 040C93E42CE5CF5900214863 /* VAFTrendyLoadding.swift */; };
		040C93E82CE5D9A700214863 /* VAFTELUATernaler.xib in Resources */ = {isa = PBXBuildFile; fileRef = 040C93E72CE5D9A700214863 /* VAFTELUATernaler.xib */; };
		040C93E92CE5D9A700214863 /* VAFTELUATernaler.swift in Sources */ = {isa = PBXBuildFile; fileRef = 040C93E62CE5D9A700214863 /* VAFTELUATernaler.swift */; };
		040C93EB2CE5F1F000214863 /* VAFTHOmeShingCell.swift in Sources */ = {isa = PBXBuildFile; fileRef = 040C93EA2CE5F1F000214863 /* VAFTHOmeShingCell.swift */; };
		0416CC4E2CE74C5000CBDD1A /* VAFVideogTernaler.xib in Resources */ = {isa = PBXBuildFile; fileRef = 0416CC4D2CE74C5000CBDD1A /* VAFVideogTernaler.xib */; };
		0416CC4F2CE74C5000CBDD1A /* VAFVideogTernaler.swift in Sources */ = {isa = PBXBuildFile; fileRef = 0416CC4C2CE74C5000CBDD1A /* VAFVideogTernaler.swift */; };
		043FB12A2CEB166B002DE65D /* VAFUploadCoverTernaler.xib in Resources */ = {isa = PBXBuildFile; fileRef = 043FB1292CEB166B002DE65D /* VAFUploadCoverTernaler.xib */; };
		043FB12B2CEB166B002DE65D /* VAFUploadCoverTernaler.swift in Sources */ = {isa = PBXBuildFile; fileRef = 043FB1282CEB166B002DE65D /* VAFUploadCoverTernaler.swift */; };
		043FB12E2CEB1F97002DE65D /* VAFUploadOtherinfoFillTernaler.xib in Resources */ = {isa = PBXBuildFile; fileRef = 043FB12D2CEB1F97002DE65D /* VAFUploadOtherinfoFillTernaler.xib */; };
		043FB12F2CEB1F97002DE65D /* VAFUploadOtherinfoFillTernaler.swift in Sources */ = {isa = PBXBuildFile; fileRef = 043FB12C2CEB1F97002DE65D /* VAFUploadOtherinfoFillTernaler.swift */; };
		043FB1322CEB370C002DE65D /* VAFokayusreTernaler.xib in Resources */ = {isa = PBXBuildFile; fileRef = 043FB1312CEB370C002DE65D /* VAFokayusreTernaler.xib */; };
		043FB1332CEB370C002DE65D /* VAFokayusreTernaler.swift in Sources */ = {isa = PBXBuildFile; fileRef = 043FB1302CEB370C002DE65D /* VAFokayusreTernaler.swift */; };
		04514A102CEC21C500653EB9 /* VAFhiscenterTernaer.swift in Sources */ = {isa = PBXBuildFile; fileRef = 04514A0E2CEC21C500653EB9 /* VAFhiscenterTernaer.swift */; };
		04514A112CEC21C500653EB9 /* VAFhiscenterTernaer.xib in Resources */ = {isa = PBXBuildFile; fileRef = 04514A0F2CEC21C500653EB9 /* VAFhiscenterTernaer.xib */; };
		04514A142CEC2B5F00653EB9 /* VAFhiSiteTernaer.swift in Sources */ = {isa = PBXBuildFile; fileRef = 04514A122CEC2B5F00653EB9 /* VAFhiSiteTernaer.swift */; };
		04514A152CEC2B5F00653EB9 /* VAFhiSiteTernaer.xib in Resources */ = {isa = PBXBuildFile; fileRef = 04514A132CEC2B5F00653EB9 /* VAFhiSiteTernaer.xib */; };
		047512B42CE48BDA002F3B71 /* AppDelegate.swift in Sources */ = {isa = PBXBuildFile; fileRef = 047512AE2CE48BDA002F3B71 /* AppDelegate.swift */; };
		047512B52CE48BDA002F3B71 /* Assets.xcassets in Resources */ = {isa = PBXBuildFile; fileRef = 047512AF2CE48BDA002F3B71 /* Assets.xcassets */; };
		047512B72CE48BDA002F3B71 /* LaunchScreen.storyboard in Resources */ = {isa = PBXBuildFile; fileRef = 047512B22CE48BDA002F3B71 /* LaunchScreen.storyboard */; };
		047512C32CE495E4002F3B71 /* VAFLogChoiceTernaler.swift in Sources */ = {isa = PBXBuildFile; fileRef = 047512C12CE495E4002F3B71 /* VAFLogChoiceTernaler.swift */; };
		047512C42CE495E4002F3B71 /* VAFLogChoiceTernaler.xib in Resources */ = {isa = PBXBuildFile; fileRef = 047512C22CE495E4002F3B71 /* VAFLogChoiceTernaler.xib */; };
		047512C72CE49D2D002F3B71 /* VAFLogEomaillogTernaler.xib in Resources */ = {isa = PBXBuildFile; fileRef = 047512C62CE49D2D002F3B71 /* VAFLogEomaillogTernaler.xib */; };
		047512C82CE49D2D002F3B71 /* VAFLogEomaillogTernaler.swift in Sources */ = {isa = PBXBuildFile; fileRef = 047512C52CE49D2D002F3B71 /* VAFLogEomaillogTernaler.swift */; };
		047512CF2CE4A4A9002F3B71 /* VAFMainContainerTernaler.xib in Resources */ = {isa = PBXBuildFile; fileRef = 047512CE2CE4A4A9002F3B71 /* VAFMainContainerTernaler.xib */; };
		047512D02CE4A4A9002F3B71 /* VAFMainContainerTernaler.swift in Sources */ = {isa = PBXBuildFile; fileRef = 047512CD2CE4A4A9002F3B71 /* VAFMainContainerTernaler.swift */; };
		047512D72CE4AB6E002F3B71 /* VAFokaPostTernaler.swift in Sources */ = {isa = PBXBuildFile; fileRef = 047512D52CE4AB6E002F3B71 /* VAFokaPostTernaler.swift */; };
		047512D82CE4AB6E002F3B71 /* VAFokaPostTernaler.xib in Resources */ = {isa = PBXBuildFile; fileRef = 047512D62CE4AB6E002F3B71 /* VAFokaPostTernaler.xib */; };
		0481B4322CFDA32E00092AFC /* VAFLaungchngLogEmailgesmering.swift in Sources */ = {isa = PBXBuildFile; fileRef = 0481B4302CFDA32E00092AFC /* VAFLaungchngLogEmailgesmering.swift */; };
		0481B4352CFDA4F400092AFC /* VAFLaungchngOnlygesmering.swift in Sources */ = {isa = PBXBuildFile; fileRef = 0481B4342CFDA4F400092AFC /* VAFLaungchngOnlygesmering.swift */; };
		0481B4372CFDA5A500092AFC /* VAFenterinContenesmering.swift in Sources */ = {isa = PBXBuildFile; fileRef = 0481B4362CFDA5A500092AFC /* VAFenterinContenesmering.swift */; };
		0489732A2CE594EB00020DBD /* VAFokayHomeTernaler.xib in Resources */ = {isa = PBXBuildFile; fileRef = 048973292CE594EB00020DBD /* VAFokayHomeTernaler.xib */; };
		0489732B2CE594EB00020DBD /* VAFokayHomeTernaler.swift in Sources */ = {isa = PBXBuildFile; fileRef = 048973282CE594EB00020DBD /* VAFokayHomeTernaler.swift */; };
		048FB5792CEC5C6F004185BD /* VAFUaerlistTernaer.xib in Resources */ = {isa = PBXBuildFile; fileRef = 048FB5782CEC5C6F004185BD /* VAFUaerlistTernaer.xib */; };
		048FB57A2CEC5C6F004185BD /* VAFUaerlistTernaer.swift in Sources */ = {isa = PBXBuildFile; fileRef = 048FB5772CEC5C6F004185BD /* VAFUaerlistTernaer.swift */; };
		048FB57C2CEC5FCB004185BD /* VAFUaerlistTerCell.swift in Sources */ = {isa = PBXBuildFile; fileRef = 048FB57B2CEC5FCB004185BD /* VAFUaerlistTerCell.swift */; };
		0494BD342CE6F23900C1F77E /* VAFCommentTernaler.swift in Sources */ = {isa = PBXBuildFile; fileRef = 0494BD322CE6F23900C1F77E /* VAFCommentTernaler.swift */; };
		0494BD352CE6F23900C1F77E /* VAFCommentTernaler.xib in Resources */ = {isa = PBXBuildFile; fileRef = 0494BD332CE6F23900C1F77E /* VAFCommentTernaler.xib */; };
		0494BD392CE6F6DA00C1F77E /* VAFContenReportTernaler.xib in Resources */ = {isa = PBXBuildFile; fileRef = 0494BD382CE6F6DA00C1F77E /* VAFContenReportTernaler.xib */; };
		0494BD3A2CE6F6DA00C1F77E /* VAFContenReportTernaler.swift in Sources */ = {isa = PBXBuildFile; fileRef = 0494BD372CE6F6DA00C1F77E /* VAFContenReportTernaler.swift */; };
		0494BD3D2CE722BF00C1F77E /* VAFDetaiChagtTernaler.swift in Sources */ = {isa = PBXBuildFile; fileRef = 0494BD3B2CE722BF00C1F77E /* VAFDetaiChagtTernaler.swift */; };
		0494BD3E2CE722BF00C1F77E /* VAFDetaiChagtTernaler.xib in Resources */ = {isa = PBXBuildFile; fileRef = 0494BD3C2CE722BF00C1F77E /* VAFDetaiChagtTernaler.xib */; };
		0495C8D12CE6DD75005EDC67 /* VAFDetailDyymstTernaler.swift in Sources */ = {isa = PBXBuildFile; fileRef = 0495C8CF2CE6DD75005EDC67 /* VAFDetailDyymstTernaler.swift */; };
		0495C8D22CE6DD75005EDC67 /* VAFDetailDyymstTernaler.xib in Resources */ = {isa = PBXBuildFile; fileRef = 0495C8D02CE6DD75005EDC67 /* VAFDetailDyymstTernaler.xib */; };
		04CACE482CE731EF009F920F /* VAFAIPAyTernaler.swift in Sources */ = {isa = PBXBuildFile; fileRef = 04CACE462CE731EF009F920F /* VAFAIPAyTernaler.swift */; };
		04CACE492CE731EF009F920F /* VAFAIPAyTernaler.xib in Resources */ = {isa = PBXBuildFile; fileRef = 04CACE472CE731EF009F920F /* VAFAIPAyTernaler.xib */; };
		04CACE4C2CE73872009F920F /* VAFShowingPAyTernaler.swift in Sources */ = {isa = PBXBuildFile; fileRef = 04CACE4A2CE73872009F920F /* VAFShowingPAyTernaler.swift */; };
		04CACE4D2CE73872009F920F /* VAFShowingPAyTernaler.xib in Resources */ = {isa = PBXBuildFile; fileRef = 04CACE4B2CE73872009F920F /* VAFShowingPAyTernaler.xib */; };
		04CACE502CE73A0B009F920F /* VAFAIDetailTernaler.swift in Sources */ = {isa = PBXBuildFile; fileRef = 04CACE4E2CE73A0B009F920F /* VAFAIDetailTernaler.swift */; };
		04CACE512CE73A0B009F920F /* VAFAIDetailTernaler.xib in Resources */ = {isa = PBXBuildFile; fileRef = 04CACE4F2CE73A0B009F920F /* VAFAIDetailTernaler.xib */; };
		04D2EB282CEC31FB00A006F1 /* VAFAbloutusTernaler.xib in Resources */ = {isa = PBXBuildFile; fileRef = 04D2EB272CEC31FB00A006F1 /* VAFAbloutusTernaler.xib */; };
		04D2EB292CEC31FB00A006F1 /* VAFAbloutusTernaler.swift in Sources */ = {isa = PBXBuildFile; fileRef = 04D2EB262CEC31FB00A006F1 /* VAFAbloutusTernaler.swift */; };
		04D2EB2C2CEC346000A006F1 /* VAFChangemeiusTernaler.swift in Sources */ = {isa = PBXBuildFile; fileRef = 04D2EB2A2CEC346000A006F1 /* VAFChangemeiusTernaler.swift */; };
		04D2EB2D2CEC346000A006F1 /* VAFChangemeiusTernaler.xib in Resources */ = {isa = PBXBuildFile; fileRef = 04D2EB2B2CEC346000A006F1 /* VAFChangemeiusTernaler.xib */; };
		8963DE309103A8FDA2BEC468 /* Pods_VinAdfrCloik.framework in Frameworks */ = {isa = PBXBuildFile; fileRef = 1D772B7DDE0CDA4216018D6E /* Pods_VinAdfrCloik.framework */; };
/* End PBXBuildFile section */

/* Begin PBXFileReference section */
		040C93E22CE5C35D00214863 /* VAFUserFdaata.plist */ = {isa = PBXFileReference; lastKnownFileType = text.plist.xml; path = VAFUserFdaata.plist; sourceTree = "<group>"; };
		040C93E42CE5CF5900214863 /* VAFTrendyLoadding.swift */ = {isa = PBXFileReference; lastKnownFileType = sourcecode.swift; path = VAFTrendyLoadding.swift; sourceTree = "<group>"; };
		040C93E62CE5D9A700214863 /* VAFTELUATernaler.swift */ = {isa = PBXFileReference; lastKnownFileType = sourcecode.swift; path = VAFTELUATernaler.swift; sourceTree = "<group>"; };
		040C93E72CE5D9A700214863 /* VAFTELUATernaler.xib */ = {isa = PBXFileReference; lastKnownFileType = file.xib; path = VAFTELUATernaler.xib; sourceTree = "<group>"; };
		040C93EA2CE5F1F000214863 /* VAFTHOmeShingCell.swift */ = {isa = PBXFileReference; lastKnownFileType = sourcecode.swift; path = VAFTHOmeShingCell.swift; sourceTree = "<group>"; };
		0416CC4C2CE74C5000CBDD1A /* VAFVideogTernaler.swift */ = {isa = PBXFileReference; lastKnownFileType = sourcecode.swift; path = VAFVideogTernaler.swift; sourceTree = "<group>"; };
		0416CC4D2CE74C5000CBDD1A /* VAFVideogTernaler.xib */ = {isa = PBXFileReference; lastKnownFileType = file.xib; path = VAFVideogTernaler.xib; sourceTree = "<group>"; };
		043FB1282CEB166B002DE65D /* VAFUploadCoverTernaler.swift */ = {isa = PBXFileReference; lastKnownFileType = sourcecode.swift; path = VAFUploadCoverTernaler.swift; sourceTree = "<group>"; };
		043FB1292CEB166B002DE65D /* VAFUploadCoverTernaler.xib */ = {isa = PBXFileReference; lastKnownFileType = file.xib; path = VAFUploadCoverTernaler.xib; sourceTree = "<group>"; };
		043FB12C2CEB1F97002DE65D /* VAFUploadOtherinfoFillTernaler.swift */ = {isa = PBXFileReference; lastKnownFileType = sourcecode.swift; path = VAFUploadOtherinfoFillTernaler.swift; sourceTree = "<group>"; };
		043FB12D2CEB1F97002DE65D /* VAFUploadOtherinfoFillTernaler.xib */ = {isa = PBXFileReference; lastKnownFileType = file.xib; path = VAFUploadOtherinfoFillTernaler.xib; sourceTree = "<group>"; };
		043FB1302CEB370C002DE65D /* VAFokayusreTernaler.swift */ = {isa = PBXFileReference; lastKnownFileType = sourcecode.swift; path = VAFokayusreTernaler.swift; sourceTree = "<group>"; };
		043FB1312CEB370C002DE65D /* VAFokayusreTernaler.xib */ = {isa = PBXFileReference; lastKnownFileType = file.xib; path = VAFokayusreTernaler.xib; sourceTree = "<group>"; };
		04514A0E2CEC21C500653EB9 /* VAFhiscenterTernaer.swift */ = {isa = PBXFileReference; lastKnownFileType = sourcecode.swift; path = VAFhiscenterTernaer.swift; sourceTree = "<group>"; };
		04514A0F2CEC21C500653EB9 /* VAFhiscenterTernaer.xib */ = {isa = PBXFileReference; lastKnownFileType = file.xib; path = VAFhiscenterTernaer.xib; sourceTree = "<group>"; };
		04514A122CEC2B5F00653EB9 /* VAFhiSiteTernaer.swift */ = {isa = PBXFileReference; lastKnownFileType = sourcecode.swift; path = VAFhiSiteTernaer.swift; sourceTree = "<group>"; };
		04514A132CEC2B5F00653EB9 /* VAFhiSiteTernaer.xib */ = {isa = PBXFileReference; lastKnownFileType = file.xib; path = VAFhiSiteTernaer.xib; sourceTree = "<group>"; };
		047512962CE48B9C002F3B71 /* VinAdfrCloik.app */ = {isa = PBXFileReference; explicitFileType = wrapper.application; includeInIndex = 0; path = VinAdfrCloik.app; sourceTree = BUILT_PRODUCTS_DIR; };
		047512AE2CE48BDA002F3B71 /* AppDelegate.swift */ = {isa = PBXFileReference; lastKnownFileType = sourcecode.swift; path = AppDelegate.swift; sourceTree = "<group>"; };
		047512AF2CE48BDA002F3B71 /* Assets.xcassets */ = {isa = PBXFileReference; lastKnownFileType = folder.assetcatalog; path = Assets.xcassets; sourceTree = "<group>"; };
		047512B02CE48BDA002F3B71 /* Info.plist */ = {isa = PBXFileReference; lastKnownFileType = text.plist.xml; path = Info.plist; sourceTree = "<group>"; };
		047512B12CE48BDA002F3B71 /* Base */ = {isa = PBXFileReference; lastKnownFileType = file.storyboard; name = Base; path = Base.lproj/LaunchScreen.storyboard; sourceTree = "<group>"; };
		047512C12CE495E4002F3B71 /* VAFLogChoiceTernaler.swift */ = {isa = PBXFileReference; lastKnownFileType = sourcecode.swift; path = VAFLogChoiceTernaler.swift; sourceTree = "<group>"; };
		047512C22CE495E4002F3B71 /* VAFLogChoiceTernaler.xib */ = {isa = PBXFileReference; lastKnownFileType = file.xib; path = VAFLogChoiceTernaler.xib; sourceTree = "<group>"; };
		047512C52CE49D2D002F3B71 /* VAFLogEomaillogTernaler.swift */ = {isa = PBXFileReference; lastKnownFileType = sourcecode.swift; path = VAFLogEomaillogTernaler.swift; sourceTree = "<group>"; };
		047512C62CE49D2D002F3B71 /* VAFLogEomaillogTernaler.xib */ = {isa = PBXFileReference; lastKnownFileType = file.xib; path = VAFLogEomaillogTernaler.xib; sourceTree = "<group>"; };
		047512CD2CE4A4A9002F3B71 /* VAFMainContainerTernaler.swift */ = {isa = PBXFileReference; lastKnownFileType = sourcecode.swift; path = VAFMainContainerTernaler.swift; sourceTree = "<group>"; };
		047512CE2CE4A4A9002F3B71 /* VAFMainContainerTernaler.xib */ = {isa = PBXFileReference; lastKnownFileType = file.xib; path = VAFMainContainerTernaler.xib; sourceTree = "<group>"; };
		047512D52CE4AB6E002F3B71 /* VAFokaPostTernaler.swift */ = {isa = PBXFileReference; lastKnownFileType = sourcecode.swift; path = VAFokaPostTernaler.swift; sourceTree = "<group>"; };
		047512D62CE4AB6E002F3B71 /* VAFokaPostTernaler.xib */ = {isa = PBXFileReference; lastKnownFileType = file.xib; path = VAFokaPostTernaler.xib; sourceTree = "<group>"; };
		0481B4302CFDA32E00092AFC /* VAFLaungchngLogEmailgesmering.swift */ = {isa = PBXFileReference; lastKnownFileType = sourcecode.swift; path = VAFLaungchngLogEmailgesmering.swift; sourceTree = "<group>"; };
		0481B4342CFDA4F400092AFC /* VAFLaungchngOnlygesmering.swift */ = {isa = PBXFileReference; lastKnownFileType = sourcecode.swift; path = VAFLaungchngOnlygesmering.swift; sourceTree = "<group>"; };
		0481B4362CFDA5A500092AFC /* VAFenterinContenesmering.swift */ = {isa = PBXFileReference; lastKnownFileType = sourcecode.swift; path = VAFenterinContenesmering.swift; sourceTree = "<group>"; };
		0481B4392CFDAAEE00092AFC /* VinAdfrCloik.entitlements */ = {isa = PBXFileReference; lastKnownFileType = text.plist.entitlements; path = VinAdfrCloik.entitlements; sourceTree = "<group>"; };
		048973282CE594EB00020DBD /* VAFokayHomeTernaler.swift */ = {isa = PBXFileReference; lastKnownFileType = sourcecode.swift; path = VAFokayHomeTernaler.swift; sourceTree = "<group>"; };
		048973292CE594EB00020DBD /* VAFokayHomeTernaler.xib */ = {isa = PBXFileReference; lastKnownFileType = file.xib; path = VAFokayHomeTernaler.xib; sourceTree = "<group>"; };
		048FB5772CEC5C6F004185BD /* VAFUaerlistTernaer.swift */ = {isa = PBXFileReference; lastKnownFileType = sourcecode.swift; path = VAFUaerlistTernaer.swift; sourceTree = "<group>"; };
		048FB5782CEC5C6F004185BD /* VAFUaerlistTernaer.xib */ = {isa = PBXFileReference; lastKnownFileType = file.xib; path = VAFUaerlistTernaer.xib; sourceTree = "<group>"; };
		048FB57B2CEC5FCB004185BD /* VAFUaerlistTerCell.swift */ = {isa = PBXFileReference; lastKnownFileType = sourcecode.swift; path = VAFUaerlistTerCell.swift; sourceTree = "<group>"; };
		0494BD322CE6F23900C1F77E /* VAFCommentTernaler.swift */ = {isa = PBXFileReference; lastKnownFileType = sourcecode.swift; path = VAFCommentTernaler.swift; sourceTree = "<group>"; };
		0494BD332CE6F23900C1F77E /* VAFCommentTernaler.xib */ = {isa = PBXFileReference; lastKnownFileType = file.xib; path = VAFCommentTernaler.xib; sourceTree = "<group>"; };
		0494BD372CE6F6DA00C1F77E /* VAFContenReportTernaler.swift */ = {isa = PBXFileReference; lastKnownFileType = sourcecode.swift; path = VAFContenReportTernaler.swift; sourceTree = "<group>"; };
		0494BD382CE6F6DA00C1F77E /* VAFContenReportTernaler.xib */ = {isa = PBXFileReference; lastKnownFileType = file.xib; path = VAFContenReportTernaler.xib; sourceTree = "<group>"; };
		0494BD3B2CE722BF00C1F77E /* VAFDetaiChagtTernaler.swift */ = {isa = PBXFileReference; lastKnownFileType = sourcecode.swift; path = VAFDetaiChagtTernaler.swift; sourceTree = "<group>"; };
		0494BD3C2CE722BF00C1F77E /* VAFDetaiChagtTernaler.xib */ = {isa = PBXFileReference; lastKnownFileType = file.xib; path = VAFDetaiChagtTernaler.xib; sourceTree = "<group>"; };
		0495C8CF2CE6DD75005EDC67 /* VAFDetailDyymstTernaler.swift */ = {isa = PBXFileReference; lastKnownFileType = sourcecode.swift; path = VAFDetailDyymstTernaler.swift; sourceTree = "<group>"; };
		0495C8D02CE6DD75005EDC67 /* VAFDetailDyymstTernaler.xib */ = {isa = PBXFileReference; lastKnownFileType = file.xib; path = VAFDetailDyymstTernaler.xib; sourceTree = "<group>"; };
		04CACE462CE731EF009F920F /* VAFAIPAyTernaler.swift */ = {isa = PBXFileReference; lastKnownFileType = sourcecode.swift; path = VAFAIPAyTernaler.swift; sourceTree = "<group>"; };
		04CACE472CE731EF009F920F /* VAFAIPAyTernaler.xib */ = {isa = PBXFileReference; lastKnownFileType = file.xib; path = VAFAIPAyTernaler.xib; sourceTree = "<group>"; };
		04CACE4A2CE73872009F920F /* VAFShowingPAyTernaler.swift */ = {isa = PBXFileReference; lastKnownFileType = sourcecode.swift; path = VAFShowingPAyTernaler.swift; sourceTree = "<group>"; };
		04CACE4B2CE73872009F920F /* VAFShowingPAyTernaler.xib */ = {isa = PBXFileReference; lastKnownFileType = file.xib; path = VAFShowingPAyTernaler.xib; sourceTree = "<group>"; };
		04CACE4E2CE73A0B009F920F /* VAFAIDetailTernaler.swift */ = {isa = PBXFileReference; lastKnownFileType = sourcecode.swift; path = VAFAIDetailTernaler.swift; sourceTree = "<group>"; };
		04CACE4F2CE73A0B009F920F /* VAFAIDetailTernaler.xib */ = {isa = PBXFileReference; lastKnownFileType = file.xib; path = VAFAIDetailTernaler.xib; sourceTree = "<group>"; };
		04D2EB262CEC31FB00A006F1 /* VAFAbloutusTernaler.swift */ = {isa = PBXFileReference; lastKnownFileType = sourcecode.swift; path = VAFAbloutusTernaler.swift; sourceTree = "<group>"; };
		04D2EB272CEC31FB00A006F1 /* VAFAbloutusTernaler.xib */ = {isa = PBXFileReference; lastKnownFileType = file.xib; path = VAFAbloutusTernaler.xib; sourceTree = "<group>"; };
		04D2EB2A2CEC346000A006F1 /* VAFChangemeiusTernaler.swift */ = {isa = PBXFileReference; lastKnownFileType = sourcecode.swift; path = VAFChangemeiusTernaler.swift; sourceTree = "<group>"; };
		04D2EB2B2CEC346000A006F1 /* VAFChangemeiusTernaler.xib */ = {isa = PBXFileReference; lastKnownFileType = file.xib; path = VAFChangemeiusTernaler.xib; sourceTree = "<group>"; };
		1D772B7DDE0CDA4216018D6E /* Pods_VinAdfrCloik.framework */ = {isa = PBXFileReference; explicitFileType = wrapper.framework; includeInIndex = 0; path = Pods_VinAdfrCloik.framework; sourceTree = BUILT_PRODUCTS_DIR; };
		6CF14668292329F60486E2E1 /* Pods-VinAdfrCloik.debug.xcconfig */ = {isa = PBXFileReference; includeInIndex = 1; lastKnownFileType = text.xcconfig; name = "Pods-VinAdfrCloik.debug.xcconfig"; path = "Target Support Files/Pods-VinAdfrCloik/Pods-VinAdfrCloik.debug.xcconfig"; sourceTree = "<group>"; };
		FBDA0468743DEBBDF38CB63D /* Pods-VinAdfrCloik.release.xcconfig */ = {isa = PBXFileReference; includeInIndex = 1; lastKnownFileType = text.xcconfig; name = "Pods-VinAdfrCloik.release.xcconfig"; path = "Target Support Files/Pods-VinAdfrCloik/Pods-VinAdfrCloik.release.xcconfig"; sourceTree = "<group>"; };
/* End PBXFileReference section */

/* Begin PBXFrameworksBuildPhase section */
		047512932CE48B9C002F3B71 /* Frameworks */ = {
			isa = PBXFrameworksBuildPhase;
			buildActionMask = 2147483647;
			files = (
				8963DE309103A8FDA2BEC468 /* Pods_VinAdfrCloik.framework in Frameworks */,
			);
			runOnlyForDeploymentPostprocessing = 0;
		};
/* End PBXFrameworksBuildPhase section */

/* Begin PBXGroup section */
		0475128D2CE48B9C002F3B71 = {
			isa = PBXGroup;
			children = (
				047512B32CE48BDA002F3B71 /* VinAdfrCloik */,
				047512972CE48B9C002F3B71 /* Products */,
				2D5D03BCEE8E0D21E8D0FD8C /* Pods */,
				B4E6462F4A8851D024DD1642 /* Frameworks */,
			);
			sourceTree = "<group>";
		};
		047512972CE48B9C002F3B71 /* Products */ = {
			isa = PBXGroup;
			children = (
				047512962CE48B9C002F3B71 /* VinAdfrCloik.app */,
			);
			name = Products;
			sourceTree = "<group>";
		};
		047512B32CE48BDA002F3B71 /* VinAdfrCloik */ = {
			isa = PBXGroup;
			children = (
				0481B4392CFDAAEE00092AFC /* VinAdfrCloik.entitlements */,
				0494BD362CE6F6C100C1F77E /* VAG_OtherAlert */,
				047512BE2CE48E0D002F3B71 /* VAG_Mainr */,
				047512BB2CE48DDE002F3B71 /* VAG_ohome */,
				047512BA2CE48DD4002F3B71 /* VAG_Ous */,
				047512B92CE48DC5002F3B71 /* VAG_Post */,
				047512B82CE48D9E002F3B71 /* VAG_Loopgo */,
				047512AE2CE48BDA002F3B71 /* AppDelegate.swift */,
				047512AF2CE48BDA002F3B71 /* Assets.xcassets */,
				047512B02CE48BDA002F3B71 /* Info.plist */,
				047512B22CE48BDA002F3B71 /* LaunchScreen.storyboard */,
			);
			path = VinAdfrCloik;
			sourceTree = "<group>";
		};
		047512B82CE48D9E002F3B71 /* VAG_Loopgo */ = {
			isa = PBXGroup;
			children = (
				047512C12CE495E4002F3B71 /* VAFLogChoiceTernaler.swift */,
				047512C22CE495E4002F3B71 /* VAFLogChoiceTernaler.xib */,
				047512C52CE49D2D002F3B71 /* VAFLogEomaillogTernaler.swift */,
				047512C62CE49D2D002F3B71 /* VAFLogEomaillogTernaler.xib */,
				040C93E62CE5D9A700214863 /* VAFTELUATernaler.swift */,
				040C93E72CE5D9A700214863 /* VAFTELUATernaler.xib */,
				0481B4302CFDA32E00092AFC /* VAFLaungchngLogEmailgesmering.swift */,
				0481B4342CFDA4F400092AFC /* VAFLaungchngOnlygesmering.swift */,
				0481B4362CFDA5A500092AFC /* VAFenterinContenesmering.swift */,
			);
			path = VAG_Loopgo;
			sourceTree = "<group>";
		};
		047512B92CE48DC5002F3B71 /* VAG_Post */ = {
			isa = PBXGroup;
			children = (
				047512D52CE4AB6E002F3B71 /* VAFokaPostTernaler.swift */,
				047512D62CE4AB6E002F3B71 /* VAFokaPostTernaler.xib */,
				043FB1282CEB166B002DE65D /* VAFUploadCoverTernaler.swift */,
				043FB1292CEB166B002DE65D /* VAFUploadCoverTernaler.xib */,
				043FB12C2CEB1F97002DE65D /* VAFUploadOtherinfoFillTernaler.swift */,
				043FB12D2CEB1F97002DE65D /* VAFUploadOtherinfoFillTernaler.xib */,
			);
			path = VAG_Post;
			sourceTree = "<group>";
		};
		047512BA2CE48DD4002F3B71 /* VAG_Ous */ = {
			isa = PBXGroup;
			children = (
				043FB1302CEB370C002DE65D /* VAFokayusreTernaler.swift */,
				043FB1312CEB370C002DE65D /* VAFokayusreTernaler.xib */,
				04514A0E2CEC21C500653EB9 /* VAFhiscenterTernaer.swift */,
				04514A0F2CEC21C500653EB9 /* VAFhiscenterTernaer.xib */,
				04514A122CEC2B5F00653EB9 /* VAFhiSiteTernaer.swift */,
				04514A132CEC2B5F00653EB9 /* VAFhiSiteTernaer.xib */,
				04D2EB262CEC31FB00A006F1 /* VAFAbloutusTernaler.swift */,
				04D2EB272CEC31FB00A006F1 /* VAFAbloutusTernaler.xib */,
				04D2EB2A2CEC346000A006F1 /* VAFChangemeiusTernaler.swift */,
				04D2EB2B2CEC346000A006F1 /* VAFChangemeiusTernaler.xib */,
				048FB5772CEC5C6F004185BD /* VAFUaerlistTernaer.swift */,
				048FB5782CEC5C6F004185BD /* VAFUaerlistTernaer.xib */,
				048FB57B2CEC5FCB004185BD /* VAFUaerlistTerCell.swift */,
			);
			path = VAG_Ous;
			sourceTree = "<group>";
		};
		047512BB2CE48DDE002F3B71 /* VAG_ohome */ = {
			isa = PBXGroup;
			children = (
				048973282CE594EB00020DBD /* VAFokayHomeTernaler.swift */,
				048973292CE594EB00020DBD /* VAFokayHomeTernaler.xib */,
				040C93EA2CE5F1F000214863 /* VAFTHOmeShingCell.swift */,
				0495C8CF2CE6DD75005EDC67 /* VAFDetailDyymstTernaler.swift */,
				0495C8D02CE6DD75005EDC67 /* VAFDetailDyymstTernaler.xib */,
				0494BD322CE6F23900C1F77E /* VAFCommentTernaler.swift */,
				0494BD332CE6F23900C1F77E /* VAFCommentTernaler.xib */,
				04CACE4E2CE73A0B009F920F /* VAFAIDetailTernaler.swift */,
				04CACE4F2CE73A0B009F920F /* VAFAIDetailTernaler.xib */,
				0416CC4C2CE74C5000CBDD1A /* VAFVideogTernaler.swift */,
				0416CC4D2CE74C5000CBDD1A /* VAFVideogTernaler.xib */,
			);
			path = VAG_ohome;
			sourceTree = "<group>";
		};
		047512BE2CE48E0D002F3B71 /* VAG_Mainr */ = {
			isa = PBXGroup;
			children = (
				047512CD2CE4A4A9002F3B71 /* VAFMainContainerTernaler.swift */,
				047512CE2CE4A4A9002F3B71 /* VAFMainContainerTernaler.xib */,
				040C93E22CE5C35D00214863 /* VAFUserFdaata.plist */,
				040C93E42CE5CF5900214863 /* VAFTrendyLoadding.swift */,
			);
			path = VAG_Mainr;
			sourceTree = "<group>";
		};
		0494BD362CE6F6C100C1F77E /* VAG_OtherAlert */ = {
			isa = PBXGroup;
			children = (
				0494BD372CE6F6DA00C1F77E /* VAFContenReportTernaler.swift */,
				0494BD382CE6F6DA00C1F77E /* VAFContenReportTernaler.xib */,
				0494BD3B2CE722BF00C1F77E /* VAFDetaiChagtTernaler.swift */,
				0494BD3C2CE722BF00C1F77E /* VAFDetaiChagtTernaler.xib */,
				04CACE462CE731EF009F920F /* VAFAIPAyTernaler.swift */,
				04CACE472CE731EF009F920F /* VAFAIPAyTernaler.xib */,
				04CACE4A2CE73872009F920F /* VAFShowingPAyTernaler.swift */,
				04CACE4B2CE73872009F920F /* VAFShowingPAyTernaler.xib */,
			);
			path = VAG_OtherAlert;
			sourceTree = "<group>";
		};
		2D5D03BCEE8E0D21E8D0FD8C /* Pods */ = {
			isa = PBXGroup;
			children = (
				6CF14668292329F60486E2E1 /* Pods-VinAdfrCloik.debug.xcconfig */,
				FBDA0468743DEBBDF38CB63D /* Pods-VinAdfrCloik.release.xcconfig */,
			);
			path = Pods;
			sourceTree = "<group>";
		};
		B4E6462F4A8851D024DD1642 /* Frameworks */ = {
			isa = PBXGroup;
			children = (
				1D772B7DDE0CDA4216018D6E /* Pods_VinAdfrCloik.framework */,
			);
			name = Frameworks;
			sourceTree = "<group>";
		};
/* End PBXGroup section */

/* Begin PBXNativeTarget section */
		047512952CE48B9C002F3B71 /* VinAdfrCloik */ = {
			isa = PBXNativeTarget;
			buildConfigurationList = 047512A92CE48B9E002F3B71 /* Build configuration list for PBXNativeTarget "VinAdfrCloik" */;
			buildPhases = (
				21F7316C8103CCDD39D4498C /* [CP] Check Pods Manifest.lock */,
				047512922CE48B9C002F3B71 /* Sources */,
				047512932CE48B9C002F3B71 /* Frameworks */,
				047512942CE48B9C002F3B71 /* Resources */,
				1840CCCCD3A2DD80429EE97D /* [CP] Embed Pods Frameworks */,
			);
			buildRules = (
			);
			dependencies = (
			);
			name = VinAdfrCloik;
			productName = VinAdfrCloik;
			productReference = 047512962CE48B9C002F3B71 /* VinAdfrCloik.app */;
			productType = "com.apple.product-type.application";
		};
/* End PBXNativeTarget section */

/* Begin PBXProject section */
		0475128E2CE48B9C002F3B71 /* Project object */ = {
			isa = PBXProject;
			attributes = {
				BuildIndependentTargetsInParallel = 1;
				CLASSPREFIX = VAF;
				LastSwiftUpdateCheck = 1600;
				LastUpgradeCheck = 1600;
				TargetAttributes = {
					047512952CE48B9C002F3B71 = {
						CreatedOnToolsVersion = 16.0;
					};
				};
			};
			buildConfigurationList = 047512912CE48B9C002F3B71 /* Build configuration list for PBXProject "VinAdfrCloik" */;
			compatibilityVersion = "Xcode 14.0";
			developmentRegion = en;
			hasScannedForEncodings = 0;
			knownRegions = (
				en,
				Base,
			);
			mainGroup = 0475128D2CE48B9C002F3B71;
			minimizedProjectReferenceProxies = 1;
			productRefGroup = 047512972CE48B9C002F3B71 /* Products */;
			projectDirPath = "";
			projectRoot = "";
			targets = (
				047512952CE48B9C002F3B71 /* VinAdfrCloik */,
			);
		};
/* End PBXProject section */

/* Begin PBXResourcesBuildPhase section */
		047512942CE48B9C002F3B71 /* Resources */ = {
			isa = PBXResourcesBuildPhase;
			buildActionMask = 2147483647;
			files = (
				04D2EB282CEC31FB00A006F1 /* VAFAbloutusTernaler.xib in Resources */,
				047512D82CE4AB6E002F3B71 /* VAFokaPostTernaler.xib in Resources */,
				0489732A2CE594EB00020DBD /* VAFokayHomeTernaler.xib in Resources */,
				040C93E32CE5C35D00214863 /* VAFUserFdaata.plist in Resources */,
				0495C8D22CE6DD75005EDC67 /* VAFDetailDyymstTernaler.xib in Resources */,
				040C93E82CE5D9A700214863 /* VAFTELUATernaler.xib in Resources */,
				04514A112CEC21C500653EB9 /* VAFhiscenterTernaer.xib in Resources */,
				04CACE492CE731EF009F920F /* VAFAIPAyTernaler.xib in Resources */,
				047512C42CE495E4002F3B71 /* VAFLogChoiceTernaler.xib in Resources */,
				043FB12A2CEB166B002DE65D /* VAFUploadCoverTernaler.xib in Resources */,
				047512CF2CE4A4A9002F3B71 /* VAFMainContainerTernaler.xib in Resources */,
				0494BD3E2CE722BF00C1F77E /* VAFDetaiChagtTernaler.xib in Resources */,
				04514A152CEC2B5F00653EB9 /* VAFhiSiteTernaer.xib in Resources */,
				047512C72CE49D2D002F3B71 /* VAFLogEomaillogTernaler.xib in Resources */,
				04D2EB2D2CEC346000A006F1 /* VAFChangemeiusTernaler.xib in Resources */,
				0416CC4E2CE74C5000CBDD1A /* VAFVideogTernaler.xib in Resources */,
				043FB12E2CEB1F97002DE65D /* VAFUploadOtherinfoFillTernaler.xib in Resources */,
				043FB1322CEB370C002DE65D /* VAFokayusreTernaler.xib in Resources */,
				048FB5792CEC5C6F004185BD /* VAFUaerlistTernaer.xib in Resources */,
				047512B52CE48BDA002F3B71 /* Assets.xcassets in Resources */,
				0494BD392CE6F6DA00C1F77E /* VAFContenReportTernaler.xib in Resources */,
				04CACE4D2CE73872009F920F /* VAFShowingPAyTernaler.xib in Resources */,
				0494BD352CE6F23900C1F77E /* VAFCommentTernaler.xib in Resources */,
				047512B72CE48BDA002F3B71 /* LaunchScreen.storyboard in Resources */,
				04CACE512CE73A0B009F920F /* VAFAIDetailTernaler.xib in Resources */,
			);
			runOnlyForDeploymentPostprocessing = 0;
		};
/* End PBXResourcesBuildPhase section */

/* Begin PBXShellScriptBuildPhase section */
		1840CCCCD3A2DD80429EE97D /* [CP] Embed Pods Frameworks */ = {
			isa = PBXShellScriptBuildPhase;
			buildActionMask = 2147483647;
			files = (
			);
			inputFileListPaths = (
				"${PODS_ROOT}/Target Support Files/Pods-VinAdfrCloik/Pods-VinAdfrCloik-frameworks-${CONFIGURATION}-input-files.xcfilelist",
			);
			name = "[CP] Embed Pods Frameworks";
			outputFileListPaths = (
				"${PODS_ROOT}/Target Support Files/Pods-VinAdfrCloik/Pods-VinAdfrCloik-frameworks-${CONFIGURATION}-output-files.xcfilelist",
			);
			runOnlyForDeploymentPostprocessing = 0;
			shellPath = /bin/sh;
			shellScript = "\"${PODS_ROOT}/Target Support Files/Pods-VinAdfrCloik/Pods-VinAdfrCloik-frameworks.sh\"\n";
			showEnvVarsInLog = 0;
		};
		21F7316C8103CCDD39D4498C /* [CP] Check Pods Manifest.lock */ = {
			isa = PBXShellScriptBuildPhase;
			buildActionMask = 2147483647;
			files = (
			);
			inputFileListPaths = (
			);
			inputPaths = (
				"${PODS_PODFILE_DIR_PATH}/Podfile.lock",
				"${PODS_ROOT}/Manifest.lock",
			);
			name = "[CP] Check Pods Manifest.lock";
			outputFileListPaths = (
			);
			outputPaths = (
				"$(DERIVED_FILE_DIR)/Pods-VinAdfrCloik-checkManifestLockResult.txt",
			);
			runOnlyForDeploymentPostprocessing = 0;
			shellPath = /bin/sh;
			shellScript = "diff \"${PODS_PODFILE_DIR_PATH}/Podfile.lock\" \"${PODS_ROOT}/Manifest.lock\" > /dev/null\nif [ $? != 0 ] ; then\n    # print error to STDERR\n    echo \"error: The sandbox is not in sync with the Podfile.lock. Run 'pod install' or update your CocoaPods installation.\" >&2\n    exit 1\nfi\n# This output is used by Xcode 'outputs' to avoid re-running this script phase.\necho \"SUCCESS\" > \"${SCRIPT_OUTPUT_FILE_0}\"\n";
			showEnvVarsInLog = 0;
		};
/* End PBXShellScriptBuildPhase section */

/* Begin PBXSourcesBuildPhase section */
		047512922CE48B9C002F3B71 /* Sources */ = {
			isa = PBXSourcesBuildPhase;
			buildActionMask = 2147483647;
			files = (
				047512D72CE4AB6E002F3B71 /* VAFokaPostTernaler.swift in Sources */,
				0481B4372CFDA5A500092AFC /* VAFenterinContenesmering.swift in Sources */,
				047512C32CE495E4002F3B71 /* VAFLogChoiceTernaler.swift in Sources */,
				04D2EB2C2CEC346000A006F1 /* VAFChangemeiusTernaler.swift in Sources */,
				04CACE482CE731EF009F920F /* VAFAIPAyTernaler.swift in Sources */,
				04514A142CEC2B5F00653EB9 /* VAFhiSiteTernaer.swift in Sources */,
				0494BD3D2CE722BF00C1F77E /* VAFDetaiChagtTernaler.swift in Sources */,
				048FB57A2CEC5C6F004185BD /* VAFUaerlistTernaer.swift in Sources */,
				040C93E92CE5D9A700214863 /* VAFTELUATernaler.swift in Sources */,
				0481B4322CFDA32E00092AFC /* VAFLaungchngLogEmailgesmering.swift in Sources */,
				0481B4352CFDA4F400092AFC /* VAFLaungchngOnlygesmering.swift in Sources */,
				048FB57C2CEC5FCB004185BD /* VAFUaerlistTerCell.swift in Sources */,
				040C93EB2CE5F1F000214863 /* VAFTHOmeShingCell.swift in Sources */,
				047512C82CE49D2D002F3B71 /* VAFLogEomaillogTernaler.swift in Sources */,
				047512B42CE48BDA002F3B71 /* AppDelegate.swift in Sources */,
				0494BD3A2CE6F6DA00C1F77E /* VAFContenReportTernaler.swift in Sources */,
				043FB1332CEB370C002DE65D /* VAFokayusreTernaler.swift in Sources */,
				04CACE4C2CE73872009F920F /* VAFShowingPAyTernaler.swift in Sources */,
				047512D02CE4A4A9002F3B71 /* VAFMainContainerTernaler.swift in Sources */,
				04D2EB292CEC31FB00A006F1 /* VAFAbloutusTernaler.swift in Sources */,
				04514A102CEC21C500653EB9 /* VAFhiscenterTernaer.swift in Sources */,
				043FB12B2CEB166B002DE65D /* VAFUploadCoverTernaler.swift in Sources */,
				0495C8D12CE6DD75005EDC67 /* VAFDetailDyymstTernaler.swift in Sources */,
				0416CC4F2CE74C5000CBDD1A /* VAFVideogTernaler.swift in Sources */,
				0494BD342CE6F23900C1F77E /* VAFCommentTernaler.swift in Sources */,
				0489732B2CE594EB00020DBD /* VAFokayHomeTernaler.swift in Sources */,
				040C93E52CE5CF5900214863 /* VAFTrendyLoadding.swift in Sources */,
				04CACE502CE73A0B009F920F /* VAFAIDetailTernaler.swift in Sources */,
				043FB12F2CEB1F97002DE65D /* VAFUploadOtherinfoFillTernaler.swift in Sources */,
			);
			runOnlyForDeploymentPostprocessing = 0;
		};
/* End PBXSourcesBuildPhase section */

/* Begin PBXVariantGroup section */
		047512B22CE48BDA002F3B71 /* LaunchScreen.storyboard */ = {
			isa = PBXVariantGroup;
			children = (
				047512B12CE48BDA002F3B71 /* Base */,
			);
			name = LaunchScreen.storyboard;
			sourceTree = "<group>";
		};
/* End PBXVariantGroup section */

/* Begin XCBuildConfiguration section */
		047512AA2CE48B9E002F3B71 /* Debug */ = {
			isa = XCBuildConfiguration;
			baseConfigurationReference = 6CF14668292329F60486E2E1 /* Pods-VinAdfrCloik.debug.xcconfig */;
			buildSettings = {
				ASSETCATALOG_COMPILER_APPICON_NAME = AppIcon;
				ASSETCATALOG_COMPILER_GLOBAL_ACCENT_COLOR_NAME = AccentColor;
				ASSETCATALOG_COMPILER_INCLUDE_ALL_APPICON_ASSETS = YES;
				CODE_SIGN_ENTITLEMENTS = VinAdfrCloik/VinAdfrCloik.entitlements;
				CODE_SIGN_IDENTITY = "Apple Development";
				CODE_SIGN_STYLE = Automatic;
				CURRENT_PROJECT_VERSION = 1;
				DEVELOPMENT_TEAM = "";
				ENABLE_USER_SCRIPT_SANDBOXING = NO;
				EXCLUDED_ARCHS = "";
				FRAMEWORK_SEARCH_PATHS = (
					"$(inherited)",
					"$(PROJECT_DIR)/VinAdfrCloik",
				);
				GENERATE_INFOPLIST_FILE = YES;
				INFOPLIST_FILE = VinAdfrCloik/Info.plist;
				INFOPLIST_KEY_CFBundleDisplayName = LivaMe;
				INFOPLIST_KEY_NSCameraUsageDescription = "LivaMe takes photos and uploads user avatars. Users chat and need access to your camera permissions";
				INFOPLIST_KEY_NSLocationWhenInUseUsageDescription = "LivaMe need access to your location permissions to use the iCloud camera's location feature.";
				INFOPLIST_KEY_NSMicrophoneUsageDescription = "LivaMe users need access to your microphone for chatting";
				INFOPLIST_KEY_NSPhotoLibraryUsageDescription = "LivaMe uploads user avatars and posts Vintage updates with images, requiring access to your album permissions";
				INFOPLIST_KEY_UIApplicationSupportsIndirectInputEvents = YES;
				INFOPLIST_KEY_UILaunchStoryboardName = LaunchScreen;
				INFOPLIST_KEY_UIMainStoryboardFile = "";
				INFOPLIST_KEY_UIStatusBarStyle = UIStatusBarStyleLightContent;
				INFOPLIST_KEY_UISupportedInterfaceOrientations = UIInterfaceOrientationPortrait;
				INFOPLIST_KEY_UISupportedInterfaceOrientations_iPad = "UIInterfaceOrientationLandscapeLeft UIInterfaceOrientationLandscapeRight UIInterfaceOrientationPortrait UIInterfaceOrientationPortraitUpsideDown";
				IPHONEOS_DEPLOYMENT_TARGET = 15.6;
				LD_RUNPATH_SEARCH_PATHS = (
					"$(inherited)",
					"@executable_path/Frameworks",
				);
				MARKETING_VERSION = 1.3;
				PRODUCT_BUNDLE_IDENTIFIER = com.cloick.vintare;
				PRODUCT_NAME = "$(TARGET_NAME)";
				PROVISIONING_PROFILE_SPECIFIER = "";
				SUPPORTED_PLATFORMS = "iphoneos iphonesimulator";
				SUPPORTS_MACCATALYST = NO;
				SUPPORTS_MAC_DESIGNED_FOR_IPHONE_IPAD = NO;
				SUPPORTS_XR_DESIGNED_FOR_IPHONE_IPAD = NO;
				SWIFT_EMIT_LOC_STRINGS = YES;
				SWIFT_VERSION = 5.0;
				TARGETED_DEVICE_FAMILY = 1;
			};
			name = Debug;
		};
		047512AB2CE48B9E002F3B71 /* Release */ = {
			isa = XCBuildConfiguration;
			baseConfigurationReference = FBDA0468743DEBBDF38CB63D /* Pods-VinAdfrCloik.release.xcconfig */;
			buildSettings = {
				ASSETCATALOG_COMPILER_APPICON_NAME = AppIcon;
				ASSETCATALOG_COMPILER_GLOBAL_ACCENT_COLOR_NAME = AccentColor;
				ASSETCATALOG_COMPILER_INCLUDE_ALL_APPICON_ASSETS = YES;
				CODE_SIGN_ENTITLEMENTS = VinAdfrCloik/VinAdfrCloik.entitlements;
				CODE_SIGN_IDENTITY = "Apple Development";
				CODE_SIGN_STYLE = Automatic;
				CURRENT_PROJECT_VERSION = 1;
				DEVELOPMENT_TEAM = "";
				ENABLE_USER_SCRIPT_SANDBOXING = NO;
				EXCLUDED_ARCHS = "";
				FRAMEWORK_SEARCH_PATHS = (
					"$(inherited)",
					"$(PROJECT_DIR)/VinAdfrCloik",
				);
				GENERATE_INFOPLIST_FILE = YES;
				INFOPLIST_FILE = VinAdfrCloik/Info.plist;
				INFOPLIST_KEY_CFBundleDisplayName = LivaMe;
				INFOPLIST_KEY_NSCameraUsageDescription = "LivaMe takes photos and uploads user avatars. Users chat and need access to your camera permissions";
				INFOPLIST_KEY_NSLocationWhenInUseUsageDescription = "LivaMe need access to your location permissions to use the iCloud camera's location feature.";
				INFOPLIST_KEY_NSMicrophoneUsageDescription = "LivaMe users need access to your microphone for chatting";
				INFOPLIST_KEY_NSPhotoLibraryUsageDescription = "LivaMe uploads user avatars and posts Vintage updates with images, requiring access to your album permissions";
				INFOPLIST_KEY_UIApplicationSupportsIndirectInputEvents = YES;
				INFOPLIST_KEY_UILaunchStoryboardName = LaunchScreen;
				INFOPLIST_KEY_UIMainStoryboardFile = "";
				INFOPLIST_KEY_UIStatusBarStyle = UIStatusBarStyleLightContent;
				INFOPLIST_KEY_UISupportedInterfaceOrientations = UIInterfaceOrientationPortrait;
				INFOPLIST_KEY_UISupportedInterfaceOrientations_iPad = "UIInterfaceOrientationLandscapeLeft UIInterfaceOrientationLandscapeRight UIInterfaceOrientationPortrait UIInterfaceOrientationPortraitUpsideDown";
				IPHONEOS_DEPLOYMENT_TARGET = 15.6;
				LD_RUNPATH_SEARCH_PATHS = (
					"$(inherited)",
					"@executable_path/Frameworks",
				);
				MARKETING_VERSION = 1.3;
				PRODUCT_BUNDLE_IDENTIFIER = com.cloick.vintare;
				PRODUCT_NAME = "$(TARGET_NAME)";
				PROVISIONING_PROFILE_SPECIFIER = "";
				SUPPORTED_PLATFORMS = "iphoneos iphonesimulator";
				SUPPORTS_MACCATALYST = NO;
				SUPPORTS_MAC_DESIGNED_FOR_IPHONE_IPAD = NO;
				SUPPORTS_XR_DESIGNED_FOR_IPHONE_IPAD = NO;
				SWIFT_EMIT_LOC_STRINGS = YES;
				SWIFT_VERSION = 5.0;
				TARGETED_DEVICE_FAMILY = 1;
			};
			name = Release;
		};
		047512AC2CE48B9E002F3B71 /* Debug */ = {
			isa = XCBuildConfiguration;
			buildSettings = {
				ALWAYS_SEARCH_USER_PATHS = NO;
				ASSETCATALOG_COMPILER_GENERATE_SWIFT_ASSET_SYMBOL_EXTENSIONS = YES;
				CLANG_ANALYZER_NONNULL = YES;
				CLANG_ANALYZER_NUMBER_OBJECT_CONVERSION = YES_AGGRESSIVE;
				CLANG_CXX_LANGUAGE_STANDARD = "gnu++20";
				CLANG_ENABLE_MODULES = YES;
				CLANG_ENABLE_OBJC_ARC = YES;
				CLANG_ENABLE_OBJC_WEAK = YES;
				CLANG_WARN_BLOCK_CAPTURE_AUTORELEASING = YES;
				CLANG_WARN_BOOL_CONVERSION = YES;
				CLANG_WARN_COMMA = YES;
				CLANG_WARN_CONSTANT_CONVERSION = YES;
				CLANG_WARN_DEPRECATED_OBJC_IMPLEMENTATIONS = YES;
				CLANG_WARN_DIRECT_OBJC_ISA_USAGE = YES_ERROR;
				CLANG_WARN_DOCUMENTATION_COMMENTS = YES;
				CLANG_WARN_EMPTY_BODY = YES;
				CLANG_WARN_ENUM_CONVERSION = YES;
				CLANG_WARN_INFINITE_RECURSION = YES;
				CLANG_WARN_INT_CONVERSION = YES;
				CLANG_WARN_NON_LITERAL_NULL_CONVERSION = YES;
				CLANG_WARN_OBJC_IMPLICIT_RETAIN_SELF = YES;
				CLANG_WARN_OBJC_LITERAL_CONVERSION = YES;
				CLANG_WARN_OBJC_ROOT_CLASS = YES_ERROR;
				CLANG_WARN_QUOTED_INCLUDE_IN_FRAMEWORK_HEADER = YES;
				CLANG_WARN_RANGE_LOOP_ANALYSIS = YES;
				CLANG_WARN_STRICT_PROTOTYPES = YES;
				CLANG_WARN_SUSPICIOUS_MOVE = YES;
				CLANG_WARN_UNGUARDED_AVAILABILITY = YES_AGGRESSIVE;
				CLANG_WARN_UNREACHABLE_CODE = YES;
				CLANG_WARN__DUPLICATE_METHOD_MATCH = YES;
				COPY_PHASE_STRIP = NO;
				DEBUG_INFORMATION_FORMAT = dwarf;
				ENABLE_STRICT_OBJC_MSGSEND = YES;
				ENABLE_TESTABILITY = YES;
				ENABLE_USER_SCRIPT_SANDBOXING = YES;
				GCC_C_LANGUAGE_STANDARD = gnu17;
				GCC_DYNAMIC_NO_PIC = NO;
				GCC_NO_COMMON_BLOCKS = YES;
				GCC_OPTIMIZATION_LEVEL = 0;
				GCC_PREPROCESSOR_DEFINITIONS = (
					"DEBUG=1",
					"$(inherited)",
				);
				GCC_WARN_64_TO_32_BIT_CONVERSION = YES;
				GCC_WARN_ABOUT_RETURN_TYPE = YES_ERROR;
				GCC_WARN_UNDECLARED_SELECTOR = YES;
				GCC_WARN_UNINITIALIZED_AUTOS = YES_AGGRESSIVE;
				GCC_WARN_UNUSED_FUNCTION = YES;
				GCC_WARN_UNUSED_VARIABLE = YES;
				IPHONEOS_DEPLOYMENT_TARGET = 18.0;
				LOCALIZATION_PREFERS_STRING_CATALOGS = YES;
				MTL_ENABLE_DEBUG_INFO = INCLUDE_SOURCE;
				MTL_FAST_MATH = YES;
				ONLY_ACTIVE_ARCH = YES;
				SDKROOT = iphoneos;
				SWIFT_ACTIVE_COMPILATION_CONDITIONS = "DEBUG $(inherited)";
				SWIFT_OPTIMIZATION_LEVEL = "-Onone";
			};
			name = Debug;
		};
		047512AD2CE48B9E002F3B71 /* Release */ = {
			isa = XCBuildConfiguration;
			buildSettings = {
				ALWAYS_SEARCH_USER_PATHS = NO;
				ASSETCATALOG_COMPILER_GENERATE_SWIFT_ASSET_SYMBOL_EXTENSIONS = YES;
				CLANG_ANALYZER_NONNULL = YES;
				CLANG_ANALYZER_NUMBER_OBJECT_CONVERSION = YES_AGGRESSIVE;
				CLANG_CXX_LANGUAGE_STANDARD = "gnu++20";
				CLANG_ENABLE_MODULES = YES;
				CLANG_ENABLE_OBJC_ARC = YES;
				CLANG_ENABLE_OBJC_WEAK = YES;
				CLANG_WARN_BLOCK_CAPTURE_AUTORELEASING = YES;
				CLANG_WARN_BOOL_CONVERSION = YES;
				CLANG_WARN_COMMA = YES;
				CLANG_WARN_CONSTANT_CONVERSION = YES;
				CLANG_WARN_DEPRECATED_OBJC_IMPLEMENTATIONS = YES;
				CLANG_WARN_DIRECT_OBJC_ISA_USAGE = YES_ERROR;
				CLANG_WARN_DOCUMENTATION_COMMENTS = YES;
				CLANG_WARN_EMPTY_BODY = YES;
				CLANG_WARN_ENUM_CONVERSION = YES;
				CLANG_WARN_INFINITE_RECURSION = YES;
				CLANG_WARN_INT_CONVERSION = YES;
				CLANG_WARN_NON_LITERAL_NULL_CONVERSION = YES;
				CLANG_WARN_OBJC_IMPLICIT_RETAIN_SELF = YES;
				CLANG_WARN_OBJC_LITERAL_CONVERSION = YES;
				CLANG_WARN_OBJC_ROOT_CLASS = YES_ERROR;
				CLANG_WARN_QUOTED_INCLUDE_IN_FRAMEWORK_HEADER = YES;
				CLANG_WARN_RANGE_LOOP_ANALYSIS = YES;
				CLANG_WARN_STRICT_PROTOTYPES = YES;
				CLANG_WARN_SUSPICIOUS_MOVE = YES;
				CLANG_WARN_UNGUARDED_AVAILABILITY = YES_AGGRESSIVE;
				CLANG_WARN_UNREACHABLE_CODE = YES;
				CLANG_WARN__DUPLICATE_METHOD_MATCH = YES;
				COPY_PHASE_STRIP = NO;
				DEBUG_INFORMATION_FORMAT = "dwarf-with-dsym";
				ENABLE_NS_ASSERTIONS = NO;
				ENABLE_STRICT_OBJC_MSGSEND = YES;
				ENABLE_USER_SCRIPT_SANDBOXING = YES;
				GCC_C_LANGUAGE_STANDARD = gnu17;
				GCC_NO_COMMON_BLOCKS = YES;
				GCC_WARN_64_TO_32_BIT_CONVERSION = YES;
				GCC_WARN_ABOUT_RETURN_TYPE = YES_ERROR;
				GCC_WARN_UNDECLARED_SELECTOR = YES;
				GCC_WARN_UNINITIALIZED_AUTOS = YES_AGGRESSIVE;
				GCC_WARN_UNUSED_FUNCTION = YES;
				GCC_WARN_UNUSED_VARIABLE = YES;
				IPHONEOS_DEPLOYMENT_TARGET = 18.0;
				LOCALIZATION_PREFERS_STRING_CATALOGS = YES;
				MTL_ENABLE_DEBUG_INFO = NO;
				MTL_FAST_MATH = YES;
				SDKROOT = iphoneos;
				SWIFT_COMPILATION_MODE = wholemodule;
				VALIDATE_PRODUCT = YES;
			};
			name = Release;
		};
/* End XCBuildConfiguration section */

/* Begin XCConfigurationList section */
		047512912CE48B9C002F3B71 /* Build configuration list for PBXProject "VinAdfrCloik" */ = {
			isa = XCConfigurationList;
			buildConfigurations = (
				047512AC2CE48B9E002F3B71 /* Debug */,
				047512AD2CE48B9E002F3B71 /* Release */,
			);
			defaultConfigurationIsVisible = 0;
			defaultConfigurationName = Release;
		};
		047512A92CE48B9E002F3B71 /* Build configuration list for PBXNativeTarget "VinAdfrCloik" */ = {
			isa = XCConfigurationList;
			buildConfigurations = (
				047512AA2CE48B9E002F3B71 /* Debug */,
				047512AB2CE48B9E002F3B71 /* Release */,
			);
			defaultConfigurationIsVisible = 0;
			defaultConfigurationName = Release;
		};
/* End XCConfigurationList section */
	};
	rootObject = 0475128E2CE48B9C002F3B71 /* Project object */;
}
